// !$*UTF8*$!
{
	archiveVersion = 1;
	classes = {
	};
	objectVersion = 56;
	objects = {

/* Begin PBXBuildFile section */
		82CA50A22B655D9D000B9DD8 /* DestinationSearchView.swift in Sources */ = {isa = PBXBuildFile; fileRef = 82CA50A12B655D9D000B9DD8 /* DestinationSearchView.swift */; };
		82CA50A42B6656B4000B9DD8 /* ProfileView.swift in Sources */ = {isa = PBXBuildFile; fileRef = 82CA50A32B6656B3000B9DD8 /* ProfileView.swift */; };
		82DC73D72B5C3541007A5082 /* AirbnbApp.swift in Sources */ = {isa = PBXBuildFile; fileRef = 82DC73D62B5C3541007A5082 /* AirbnbApp.swift */; };
		82DC73D92B5C3541007A5082 /* ContentView.swift in Sources */ = {isa = PBXBuildFile; fileRef = 82DC73D82B5C3541007A5082 /* ContentView.swift */; };
		82DC73DB2B5C3543007A5082 /* Assets.xcassets in Resources */ = {isa = PBXBuildFile; fileRef = 82DC73DA2B5C3543007A5082 /* Assets.xcassets */; };
		82DC73DE2B5C3543007A5082 /* Preview Assets.xcassets in Resources */ = {isa = PBXBuildFile; fileRef = 82DC73DD2B5C3543007A5082 /* Preview Assets.xcassets */; };
		82DC73E82B5C3544007A5082 /* AirbnbTests.swift in Sources */ = {isa = PBXBuildFile; fileRef = 82DC73E72B5C3544007A5082 /* AirbnbTests.swift */; };
		82DC73F22B5C3544007A5082 /* AirbnbUITests.swift in Sources */ = {isa = PBXBuildFile; fileRef = 82DC73F12B5C3544007A5082 /* AirbnbUITests.swift */; };
		82DC73F42B5C3544007A5082 /* AirbnbUITestsLaunchTests.swift in Sources */ = {isa = PBXBuildFile; fileRef = 82DC73F32B5C3544007A5082 /* AirbnbUITestsLaunchTests.swift */; };
		82DC740D2B5C36E1007A5082 /* ExploreView.swift in Sources */ = {isa = PBXBuildFile; fileRef = 82DC740C2B5C36E1007A5082 /* ExploreView.swift */; };
		82DC740F2B5C3858007A5082 /* ListingItemView.swift in Sources */ = {isa = PBXBuildFile; fileRef = 82DC740E2B5C3858007A5082 /* ListingItemView.swift */; };
		82DC74112B5C4378007A5082 /* SearchAndFilterBar.swift in Sources */ = {isa = PBXBuildFile; fileRef = 82DC74102B5C4378007A5082 /* SearchAndFilterBar.swift */; };
		82DC74132B5D39DC007A5082 /* ListingDetailView.swift in Sources */ = {isa = PBXBuildFile; fileRef = 82DC74122B5D39DC007A5082 /* ListingDetailView.swift */; };
		82DC74162B5D3A9A007A5082 /* ListingImageCarouselView.swift in Sources */ = {isa = PBXBuildFile; fileRef = 82DC74152B5D3A9A007A5082 /* ListingImageCarouselView.swift */; };
		82E7F4272B679011003D24FD /* ProfileOptionRawView.swift in Sources */ = {isa = PBXBuildFile; fileRef = 82E7F4262B679011003D24FD /* ProfileOptionRawView.swift */; };
		82E7F42A2B68D98B003D24FD /* WishlistsView.swift in Sources */ = {isa = PBXBuildFile; fileRef = 82E7F4292B68D98B003D24FD /* WishlistsView.swift */; };
		82E7F42C2B68DCA0003D24FD /* MainTabView.swift in Sources */ = {isa = PBXBuildFile; fileRef = 82E7F42B2B68DCA0003D24FD /* MainTabView.swift */; };
/* End PBXBuildFile section */

/* Begin PBXContainerItemProxy section */
		82DC73E42B5C3544007A5082 /* PBXContainerItemProxy */ = {
			isa = PBXContainerItemProxy;
			containerPortal = 82DC73CB2B5C3541007A5082 /* Project object */;
			proxyType = 1;
			remoteGlobalIDString = 82DC73D22B5C3541007A5082;
			remoteInfo = Airbnb;
		};
		82DC73EE2B5C3544007A5082 /* PBXContainerItemProxy */ = {
			isa = PBXContainerItemProxy;
			containerPortal = 82DC73CB2B5C3541007A5082 /* Project object */;
			proxyType = 1;
			remoteGlobalIDString = 82DC73D22B5C3541007A5082;
			remoteInfo = Airbnb;
		};
/* End PBXContainerItemProxy section */

/* Begin PBXFileReference section */
		82CA50A12B655D9D000B9DD8 /* DestinationSearchView.swift */ = {isa = PBXFileReference; lastKnownFileType = sourcecode.swift; path = DestinationSearchView.swift; sourceTree = "<group>"; };
		82CA50A32B6656B3000B9DD8 /* ProfileView.swift */ = {isa = PBXFileReference; lastKnownFileType = sourcecode.swift; path = ProfileView.swift; sourceTree = "<group>"; };
		82DC73D32B5C3541007A5082 /* Airbnb.app */ = {isa = PBXFileReference; explicitFileType = wrapper.application; includeInIndex = 0; path = Airbnb.app; sourceTree = BUILT_PRODUCTS_DIR; };
		82DC73D62B5C3541007A5082 /* AirbnbApp.swift */ = {isa = PBXFileReference; lastKnownFileType = sourcecode.swift; path = AirbnbApp.swift; sourceTree = "<group>"; };
		82DC73D82B5C3541007A5082 /* ContentView.swift */ = {isa = PBXFileReference; lastKnownFileType = sourcecode.swift; path = ContentView.swift; sourceTree = "<group>"; };
		82DC73DA2B5C3543007A5082 /* Assets.xcassets */ = {isa = PBXFileReference; lastKnownFileType = folder.assetcatalog; path = Assets.xcassets; sourceTree = "<group>"; };
		82DC73DD2B5C3543007A5082 /* Preview Assets.xcassets */ = {isa = PBXFileReference; lastKnownFileType = folder.assetcatalog; path = "Preview Assets.xcassets"; sourceTree = "<group>"; };
		82DC73E32B5C3544007A5082 /* AirbnbTests.xctest */ = {isa = PBXFileReference; explicitFileType = wrapper.cfbundle; includeInIndex = 0; path = AirbnbTests.xctest; sourceTree = BUILT_PRODUCTS_DIR; };
		82DC73E72B5C3544007A5082 /* AirbnbTests.swift */ = {isa = PBXFileReference; lastKnownFileType = sourcecode.swift; path = AirbnbTests.swift; sourceTree = "<group>"; };
		82DC73ED2B5C3544007A5082 /* AirbnbUITests.xctest */ = {isa = PBXFileReference; explicitFileType = wrapper.cfbundle; includeInIndex = 0; path = AirbnbUITests.xctest; sourceTree = BUILT_PRODUCTS_DIR; };
		82DC73F12B5C3544007A5082 /* AirbnbUITests.swift */ = {isa = PBXFileReference; lastKnownFileType = sourcecode.swift; path = AirbnbUITests.swift; sourceTree = "<group>"; };
		82DC73F32B5C3544007A5082 /* AirbnbUITestsLaunchTests.swift */ = {isa = PBXFileReference; lastKnownFileType = sourcecode.swift; path = AirbnbUITestsLaunchTests.swift; sourceTree = "<group>"; };
		82DC740C2B5C36E1007A5082 /* ExploreView.swift */ = {isa = PBXFileReference; lastKnownFileType = sourcecode.swift; path = ExploreView.swift; sourceTree = "<group>"; };
		82DC740E2B5C3858007A5082 /* ListingItemView.swift */ = {isa = PBXFileReference; lastKnownFileType = sourcecode.swift; path = ListingItemView.swift; sourceTree = "<group>"; };
		82DC74102B5C4378007A5082 /* SearchAndFilterBar.swift */ = {isa = PBXFileReference; lastKnownFileType = sourcecode.swift; path = SearchAndFilterBar.swift; sourceTree = "<group>"; };
		82DC74122B5D39DC007A5082 /* ListingDetailView.swift */ = {isa = PBXFileReference; lastKnownFileType = sourcecode.swift; path = ListingDetailView.swift; sourceTree = "<group>"; };
		82DC74152B5D3A9A007A5082 /* ListingImageCarouselView.swift */ = {isa = PBXFileReference; lastKnownFileType = sourcecode.swift; path = ListingImageCarouselView.swift; sourceTree = "<group>"; };
		82E7F4262B679011003D24FD /* ProfileOptionRawView.swift */ = {isa = PBXFileReference; lastKnownFileType = sourcecode.swift; path = ProfileOptionRawView.swift; sourceTree = "<group>"; };
		82E7F4292B68D98B003D24FD /* WishlistsView.swift */ = {isa = PBXFileReference; lastKnownFileType = sourcecode.swift; path = WishlistsView.swift; sourceTree = "<group>"; };
		82E7F42B2B68DCA0003D24FD /* MainTabView.swift */ = {isa = PBXFileReference; lastKnownFileType = sourcecode.swift; path = MainTabView.swift; sourceTree = "<group>"; };
/* End PBXFileReference section */

/* Begin PBXFrameworksBuildPhase section */
		82DC73D02B5C3541007A5082 /* Frameworks */ = {
			isa = PBXFrameworksBuildPhase;
			buildActionMask = 2147483647;
			files = (
			);
			runOnlyForDeploymentPostprocessing = 0;
		};
		82DC73E02B5C3544007A5082 /* Frameworks */ = {
			isa = PBXFrameworksBuildPhase;
			buildActionMask = 2147483647;
			files = (
			);
			runOnlyForDeploymentPostprocessing = 0;
		};
		82DC73EA2B5C3544007A5082 /* Frameworks */ = {
			isa = PBXFrameworksBuildPhase;
			buildActionMask = 2147483647;
			files = (
			);
			runOnlyForDeploymentPostprocessing = 0;
		};
/* End PBXFrameworksBuildPhase section */

/* Begin PBXGroup section */
		82DC73CA2B5C3541007A5082 = {
			isa = PBXGroup;
			children = (
				82DC73D52B5C3541007A5082 /* Airbnb */,
				82DC73E62B5C3544007A5082 /* AirbnbTests */,
				82DC73F02B5C3544007A5082 /* AirbnbUITests */,
				82DC73D42B5C3541007A5082 /* Products */,
			);
			sourceTree = "<group>";
		};
		82DC73D42B5C3541007A5082 /* Products */ = {
			isa = PBXGroup;
			children = (
				82DC73D32B5C3541007A5082 /* Airbnb.app */,
				82DC73E32B5C3544007A5082 /* AirbnbTests.xctest */,
				82DC73ED2B5C3544007A5082 /* AirbnbUITests.xctest */,
			);
			name = Products;
			sourceTree = "<group>";
		};
		82DC73D52B5C3541007A5082 /* Airbnb */ = {
			isa = PBXGroup;
			children = (
				82DC74002B5C3597007A5082 /* App */,
				82DC74022B5C35A6007A5082 /* Core */,
				82DC74032B5C35AB007A5082 /* Extension */,
				82DC74042B5C35B9007A5082 /* Models */,
				82DC74012B5C35A1007A5082 /* Utils */,
				82DC73D82B5C3541007A5082 /* ContentView.swift */,
				82DC73DA2B5C3543007A5082 /* Assets.xcassets */,
				82DC73DC2B5C3543007A5082 /* Preview Content */,
			);
			path = Airbnb;
			sourceTree = "<group>";
		};
		82DC73DC2B5C3543007A5082 /* Preview Content */ = {
			isa = PBXGroup;
			children = (
				82DC73DD2B5C3543007A5082 /* Preview Assets.xcassets */,
			);
			path = "Preview Content";
			sourceTree = "<group>";
		};
		82DC73E62B5C3544007A5082 /* AirbnbTests */ = {
			isa = PBXGroup;
			children = (
				82DC73E72B5C3544007A5082 /* AirbnbTests.swift */,
			);
			path = AirbnbTests;
			sourceTree = "<group>";
		};
		82DC73F02B5C3544007A5082 /* AirbnbUITests */ = {
			isa = PBXGroup;
			children = (
				82DC73F12B5C3544007A5082 /* AirbnbUITests.swift */,
				82DC73F32B5C3544007A5082 /* AirbnbUITestsLaunchTests.swift */,
			);
			path = AirbnbUITests;
			sourceTree = "<group>";
		};
		82DC74002B5C3597007A5082 /* App */ = {
			isa = PBXGroup;
			children = (
				82DC73D62B5C3541007A5082 /* AirbnbApp.swift */,
			);
			path = App;
			sourceTree = "<group>";
		};
		82DC74012B5C35A1007A5082 /* Utils */ = {
			isa = PBXGroup;
			children = (
			);
			path = Utils;
			sourceTree = "<group>";
		};
		82DC74022B5C35A6007A5082 /* Core */ = {
			isa = PBXGroup;
			children = (
				82E7F4282B68D97A003D24FD /* Wishlists */,
				82DC74142B5D3A66007A5082 /* Components */,
				82DC74052B5C3634007A5082 /* Explore */,
				82DC740B2B5C3682007A5082 /* Listings */,
				82DC740A2B5C3678007A5082 /* MapView */,
				82DC74062B5C363D007A5082 /* Profile */,
				82DC74092B5C366B007A5082 /* Root */,
				82DC74072B5C3655007A5082 /* Settings */,
				82DC74082B5C365F007A5082 /* Tabbar */,
			);
			path = Core;
			sourceTree = "<group>";
		};
		82DC74032B5C35AB007A5082 /* Extension */ = {
			isa = PBXGroup;
			children = (
			);
			path = Extension;
			sourceTree = "<group>";
		};
		82DC74042B5C35B9007A5082 /* Models */ = {
			isa = PBXGroup;
			children = (
			);
			path = Models;
			sourceTree = "<group>";
		};
		82DC74052B5C3634007A5082 /* Explore */ = {
			isa = PBXGroup;
			children = (
				82DC740C2B5C36E1007A5082 /* ExploreView.swift */,
				82DC74102B5C4378007A5082 /* SearchAndFilterBar.swift */,
				82CA50A12B655D9D000B9DD8 /* DestinationSearchView.swift */,
			);
			path = Explore;
			sourceTree = "<group>";
		};
		82DC74062B5C363D007A5082 /* Profile */ = {
			isa = PBXGroup;
			children = (
				82CA50A32B6656B3000B9DD8 /* ProfileView.swift */,
				82E7F4262B679011003D24FD /* ProfileOptionRawView.swift */,
			);
			path = Profile;
			sourceTree = "<group>";
		};
		82DC74072B5C3655007A5082 /* Settings */ = {
			isa = PBXGroup;
			children = (
			);
			path = Settings;
			sourceTree = "<group>";
		};
		82DC74082B5C365F007A5082 /* Tabbar */ = {
			isa = PBXGroup;
			children = (
				82E7F42B2B68DCA0003D24FD /* MainTabView.swift */,
			);
			path = Tabbar;
			sourceTree = "<group>";
		};
		82DC74092B5C366B007A5082 /* Root */ = {
			isa = PBXGroup;
			children = (
			);
			path = Root;
			sourceTree = "<group>";
		};
		82DC740A2B5C3678007A5082 /* MapView */ = {
			isa = PBXGroup;
			children = (
			);
			path = MapView;
			sourceTree = "<group>";
		};
		82DC740B2B5C3682007A5082 /* Listings */ = {
			isa = PBXGroup;
			children = (
				82DC740E2B5C3858007A5082 /* ListingItemView.swift */,
				82DC74122B5D39DC007A5082 /* ListingDetailView.swift */,
			);
			path = Listings;
			sourceTree = "<group>";
		};
		82DC74142B5D3A66007A5082 /* Components */ = {
			isa = PBXGroup;
			children = (
				82DC74152B5D3A9A007A5082 /* ListingImageCarouselView.swift */,
			);
			path = Components;
			sourceTree = "<group>";
		};
		82E7F4282B68D97A003D24FD /* Wishlists */ = {
			isa = PBXGroup;
			children = (
				82E7F4292B68D98B003D24FD /* WishlistsView.swift */,
			);
			path = Wishlists;
			sourceTree = "<group>";
		};
/* End PBXGroup section */

/* Begin PBXNativeTarget section */
		82DC73D22B5C3541007A5082 /* Airbnb */ = {
			isa = PBXNativeTarget;
			buildConfigurationList = 82DC73F72B5C3544007A5082 /* Build configuration list for PBXNativeTarget "Airbnb" */;
			buildPhases = (
				82DC73CF2B5C3541007A5082 /* Sources */,
				82DC73D02B5C3541007A5082 /* Frameworks */,
				82DC73D12B5C3541007A5082 /* Resources */,
			);
			buildRules = (
			);
			dependencies = (
			);
			name = Airbnb;
			productName = Airbnb;
			productReference = 82DC73D32B5C3541007A5082 /* Airbnb.app */;
			productType = "com.apple.product-type.application";
		};
		82DC73E22B5C3544007A5082 /* AirbnbTests */ = {
			isa = PBXNativeTarget;
			buildConfigurationList = 82DC73FA2B5C3544007A5082 /* Build configuration list for PBXNativeTarget "AirbnbTests" */;
			buildPhases = (
				82DC73DF2B5C3544007A5082 /* Sources */,
				82DC73E02B5C3544007A5082 /* Frameworks */,
				82DC73E12B5C3544007A5082 /* Resources */,
			);
			buildRules = (
			);
			dependencies = (
				82DC73E52B5C3544007A5082 /* PBXTargetDependency */,
			);
			name = AirbnbTests;
			productName = AirbnbTests;
			productReference = 82DC73E32B5C3544007A5082 /* AirbnbTests.xctest */;
			productType = "com.apple.product-type.bundle.unit-test";
		};
		82DC73EC2B5C3544007A5082 /* AirbnbUITests */ = {
			isa = PBXNativeTarget;
			buildConfigurationList = 82DC73FD2B5C3544007A5082 /* Build configuration list for PBXNativeTarget "AirbnbUITests" */;
			buildPhases = (
				82DC73E92B5C3544007A5082 /* Sources */,
				82DC73EA2B5C3544007A5082 /* Frameworks */,
				82DC73EB2B5C3544007A5082 /* Resources */,
			);
			buildRules = (
			);
			dependencies = (
				82DC73EF2B5C3544007A5082 /* PBXTargetDependency */,
			);
			name = AirbnbUITests;
			productName = AirbnbUITests;
			productReference = 82DC73ED2B5C3544007A5082 /* AirbnbUITests.xctest */;
			productType = "com.apple.product-type.bundle.ui-testing";
		};
/* End PBXNativeTarget section */

/* Begin PBXProject section */
		82DC73CB2B5C3541007A5082 /* Project object */ = {
			isa = PBXProject;
			attributes = {
				BuildIndependentTargetsInParallel = 1;
				LastSwiftUpdateCheck = 1430;
				LastUpgradeCheck = 1430;
				TargetAttributes = {
					82DC73D22B5C3541007A5082 = {
						CreatedOnToolsVersion = 14.3;
					};
					82DC73E22B5C3544007A5082 = {
						CreatedOnToolsVersion = 14.3;
						TestTargetID = 82DC73D22B5C3541007A5082;
					};
					82DC73EC2B5C3544007A5082 = {
						CreatedOnToolsVersion = 14.3;
						TestTargetID = 82DC73D22B5C3541007A5082;
					};
				};
			};
			buildConfigurationList = 82DC73CE2B5C3541007A5082 /* Build configuration list for PBXProject "Airbnb" */;
			compatibilityVersion = "Xcode 14.0";
			developmentRegion = en;
			hasScannedForEncodings = 0;
			knownRegions = (
				en,
				Base,
			);
			mainGroup = 82DC73CA2B5C3541007A5082;
			productRefGroup = 82DC73D42B5C3541007A5082 /* Products */;
			projectDirPath = "";
			projectRoot = "";
			targets = (
				82DC73D22B5C3541007A5082 /* Airbnb */,
				82DC73E22B5C3544007A5082 /* AirbnbTests */,
				82DC73EC2B5C3544007A5082 /* AirbnbUITests */,
			);
		};
/* End PBXProject section */

/* Begin PBXResourcesBuildPhase section */
		82DC73D12B5C3541007A5082 /* Resources */ = {
			isa = PBXResourcesBuildPhase;
			buildActionMask = 2147483647;
			files = (
				82DC73DE2B5C3543007A5082 /* Preview Assets.xcassets in Resources */,
				82DC73DB2B5C3543007A5082 /* Assets.xcassets in Resources */,
			);
			runOnlyForDeploymentPostprocessing = 0;
		};
		82DC73E12B5C3544007A5082 /* Resources */ = {
			isa = PBXResourcesBuildPhase;
			buildActionMask = 2147483647;
			files = (
			);
			runOnlyForDeploymentPostprocessing = 0;
		};
		82DC73EB2B5C3544007A5082 /* Resources */ = {
			isa = PBXResourcesBuildPhase;
			buildActionMask = 2147483647;
			files = (
			);
			runOnlyForDeploymentPostprocessing = 0;
		};
/* End PBXResourcesBuildPhase section */

/* Begin PBXSourcesBuildPhase section */
		82DC73CF2B5C3541007A5082 /* Sources */ = {
			isa = PBXSourcesBuildPhase;
			buildActionMask = 2147483647;
			files = (
				82DC74162B5D3A9A007A5082 /* ListingImageCarouselView.swift in Sources */,
				82CA50A42B6656B4000B9DD8 /* ProfileView.swift in Sources */,
				82CA50A22B655D9D000B9DD8 /* DestinationSearchView.swift in Sources */,
				82DC73D92B5C3541007A5082 /* ContentView.swift in Sources */,
				82DC740F2B5C3858007A5082 /* ListingItemView.swift in Sources */,
				82DC740D2B5C36E1007A5082 /* ExploreView.swift in Sources */,
				82E7F42A2B68D98B003D24FD /* WishlistsView.swift in Sources */,
				82E7F4272B679011003D24FD /* ProfileOptionRawView.swift in Sources */,
				82DC74112B5C4378007A5082 /* SearchAndFilterBar.swift in Sources */,
				82DC74132B5D39DC007A5082 /* ListingDetailView.swift in Sources */,
				82DC73D72B5C3541007A5082 /* AirbnbApp.swift in Sources */,
				82E7F42C2B68DCA0003D24FD /* MainTabView.swift in Sources */,
			);
			runOnlyForDeploymentPostprocessing = 0;
		};
		82DC73DF2B5C3544007A5082 /* Sources */ = {
			isa = PBXSourcesBuildPhase;
			buildActionMask = 2147483647;
			files = (
				82DC73E82B5C3544007A5082 /* AirbnbTests.swift in Sources */,
			);
			runOnlyForDeploymentPostprocessing = 0;
		};
		82DC73E92B5C3544007A5082 /* Sources */ = {
			isa = PBXSourcesBuildPhase;
			buildActionMask = 2147483647;
			files = (
				82DC73F42B5C3544007A5082 /* AirbnbUITestsLaunchTests.swift in Sources */,
				82DC73F22B5C3544007A5082 /* AirbnbUITests.swift in Sources */,
			);
			runOnlyForDeploymentPostprocessing = 0;
		};
/* End PBXSourcesBuildPhase section */

/* Begin PBXTargetDependency section */
		82DC73E52B5C3544007A5082 /* PBXTargetDependency */ = {
			isa = PBXTargetDependency;
			target = 82DC73D22B5C3541007A5082 /* Airbnb */;
			targetProxy = 82DC73E42B5C3544007A5082 /* PBXContainerItemProxy */;
		};
		82DC73EF2B5C3544007A5082 /* PBXTargetDependency */ = {
			isa = PBXTargetDependency;
			target = 82DC73D22B5C3541007A5082 /* Airbnb */;
			targetProxy = 82DC73EE2B5C3544007A5082 /* PBXContainerItemProxy */;
		};
/* End PBXTargetDependency section */

/* Begin XCBuildConfiguration section */
		82DC73F52B5C3544007A5082 /* Debug */ = {
			isa = XCBuildConfiguration;
			buildSettings = {
				ALWAYS_SEARCH_USER_PATHS = NO;
				CLANG_ANALYZER_NONNULL = YES;
				CLANG_ANALYZER_NUMBER_OBJECT_CONVERSION = YES_AGGRESSIVE;
				CLANG_CXX_LANGUAGE_STANDARD = "gnu++20";
				CLANG_ENABLE_MODULES = YES;
				CLANG_ENABLE_OBJC_ARC = YES;
				CLANG_ENABLE_OBJC_WEAK = YES;
				CLANG_WARN_BLOCK_CAPTURE_AUTORELEASING = YES;
				CLANG_WARN_BOOL_CONVERSION = YES;
				CLANG_WARN_COMMA = YES;
				CLANG_WARN_CONSTANT_CONVERSION = YES;
				CLANG_WARN_DEPRECATED_OBJC_IMPLEMENTATIONS = YES;
				CLANG_WARN_DIRECT_OBJC_ISA_USAGE = YES_ERROR;
				CLANG_WARN_DOCUMENTATION_COMMENTS = YES;
				CLANG_WARN_EMPTY_BODY = YES;
				CLANG_WARN_ENUM_CONVERSION = YES;
				CLANG_WARN_INFINITE_RECURSION = YES;
				CLANG_WARN_INT_CONVERSION = YES;
				CLANG_WARN_NON_LITERAL_NULL_CONVERSION = YES;
				CLANG_WARN_OBJC_IMPLICIT_RETAIN_SELF = YES;
				CLANG_WARN_OBJC_LITERAL_CONVERSION = YES;
				CLANG_WARN_OBJC_ROOT_CLASS = YES_ERROR;
				CLANG_WARN_QUOTED_INCLUDE_IN_FRAMEWORK_HEADER = YES;
				CLANG_WARN_RANGE_LOOP_ANALYSIS = YES;
				CLANG_WARN_STRICT_PROTOTYPES = YES;
				CLANG_WARN_SUSPICIOUS_MOVE = YES;
				CLANG_WARN_UNGUARDED_AVAILABILITY = YES_AGGRESSIVE;
				CLANG_WARN_UNREACHABLE_CODE = YES;
				CLANG_WARN__DUPLICATE_METHOD_MATCH = YES;
				COPY_PHASE_STRIP = NO;
				DEBUG_INFORMATION_FORMAT = dwarf;
				ENABLE_STRICT_OBJC_MSGSEND = YES;
				ENABLE_TESTABILITY = YES;
				GCC_C_LANGUAGE_STANDARD = gnu11;
				GCC_DYNAMIC_NO_PIC = NO;
				GCC_NO_COMMON_BLOCKS = YES;
				GCC_OPTIMIZATION_LEVEL = 0;
				GCC_PREPROCESSOR_DEFINITIONS = (
					"DEBUG=1",
					"$(inherited)",
				);
				GCC_WARN_64_TO_32_BIT_CONVERSION = YES;
				GCC_WARN_ABOUT_RETURN_TYPE = YES_ERROR;
				GCC_WARN_UNDECLARED_SELECTOR = YES;
				GCC_WARN_UNINITIALIZED_AUTOS = YES_AGGRESSIVE;
				GCC_WARN_UNUSED_FUNCTION = YES;
				GCC_WARN_UNUSED_VARIABLE = YES;
				IPHONEOS_DEPLOYMENT_TARGET = 16.4;
				MTL_ENABLE_DEBUG_INFO = INCLUDE_SOURCE;
				MTL_FAST_MATH = YES;
				ONLY_ACTIVE_ARCH = YES;
				SDKROOT = iphoneos;
				SWIFT_ACTIVE_COMPILATION_CONDITIONS = DEBUG;
				SWIFT_OPTIMIZATION_LEVEL = "-Onone";
			};
			name = Debug;
		};
		82DC73F62B5C3544007A5082 /* Release */ = {
			isa = XCBuildConfiguration;
			buildSettings = {
				ALWAYS_SEARCH_USER_PATHS = NO;
				CLANG_ANALYZER_NONNULL = YES;
				CLANG_ANALYZER_NUMBER_OBJECT_CONVERSION = YES_AGGRESSIVE;
				CLANG_CXX_LANGUAGE_STANDARD = "gnu++20";
				CLANG_ENABLE_MODULES = YES;
				CLANG_ENABLE_OBJC_ARC = YES;
				CLANG_ENABLE_OBJC_WEAK = YES;
				CLANG_WARN_BLOCK_CAPTURE_AUTORELEASING = YES;
				CLANG_WARN_BOOL_CONVERSION = YES;
				CLANG_WARN_COMMA = YES;
				CLANG_WARN_CONSTANT_CONVERSION = YES;
				CLANG_WARN_DEPRECATED_OBJC_IMPLEMENTATIONS = YES;
				CLANG_WARN_DIRECT_OBJC_ISA_USAGE = YES_ERROR;
				CLANG_WARN_DOCUMENTATION_COMMENTS = YES;
				CLANG_WARN_EMPTY_BODY = YES;
				CLANG_WARN_ENUM_CONVERSION = YES;
				CLANG_WARN_INFINITE_RECURSION = YES;
				CLANG_WARN_INT_CONVERSION = YES;
				CLANG_WARN_NON_LITERAL_NULL_CONVERSION = YES;
				CLANG_WARN_OBJC_IMPLICIT_RETAIN_SELF = YES;
				CLANG_WARN_OBJC_LITERAL_CONVERSION = YES;
				CLANG_WARN_OBJC_ROOT_CLASS = YES_ERROR;
				CLANG_WARN_QUOTED_INCLUDE_IN_FRAMEWORK_HEADER = YES;
				CLANG_WARN_RANGE_LOOP_ANALYSIS = YES;
				CLANG_WARN_STRICT_PROTOTYPES = YES;
				CLANG_WARN_SUSPICIOUS_MOVE = YES;
				CLANG_WARN_UNGUARDED_AVAILABILITY = YES_AGGRESSIVE;
				CLANG_WARN_UNREACHABLE_CODE = YES;
				CLANG_WARN__DUPLICATE_METHOD_MATCH = YES;
				COPY_PHASE_STRIP = NO;
				DEBUG_INFORMATION_FORMAT = "dwarf-with-dsym";
				ENABLE_NS_ASSERTIONS = NO;
				ENABLE_STRICT_OBJC_MSGSEND = YES;
				GCC_C_LANGUAGE_STANDARD = gnu11;
				GCC_NO_COMMON_BLOCKS = YES;
				GCC_WARN_64_TO_32_BIT_CONVERSION = YES;
				GCC_WARN_ABOUT_RETURN_TYPE = YES_ERROR;
				GCC_WARN_UNDECLARED_SELECTOR = YES;
				GCC_WARN_UNINITIALIZED_AUTOS = YES_AGGRESSIVE;
				GCC_WARN_UNUSED_FUNCTION = YES;
				GCC_WARN_UNUSED_VARIABLE = YES;
				IPHONEOS_DEPLOYMENT_TARGET = 16.4;
				MTL_ENABLE_DEBUG_INFO = NO;
				MTL_FAST_MATH = YES;
				SDKROOT = iphoneos;
				SWIFT_COMPILATION_MODE = wholemodule;
				SWIFT_OPTIMIZATION_LEVEL = "-O";
				VALIDATE_PRODUCT = YES;
			};
			name = Release;
		};
		82DC73F82B5C3544007A5082 /* Debug */ = {
			isa = XCBuildConfiguration;
			buildSettings = {
				ASSETCATALOG_COMPILER_APPICON_NAME = AppIcon;
				ASSETCATALOG_COMPILER_GLOBAL_ACCENT_COLOR_NAME = AccentColor;
				CODE_SIGN_STYLE = Automatic;
				CURRENT_PROJECT_VERSION = 1;
				DEVELOPMENT_ASSET_PATHS = "\"Airbnb/Preview Content\"";
				DEVELOPMENT_TEAM = 3D9VAD2697;
				ENABLE_PREVIEWS = YES;
				GENERATE_INFOPLIST_FILE = YES;
				INFOPLIST_KEY_UIApplicationSceneManifest_Generation = YES;
				INFOPLIST_KEY_UIApplicationSupportsIndirectInputEvents = YES;
				INFOPLIST_KEY_UILaunchScreen_Generation = YES;
				INFOPLIST_KEY_UISupportedInterfaceOrientations_iPad = "UIInterfaceOrientationPortrait UIInterfaceOrientationPortraitUpsideDown UIInterfaceOrientationLandscapeLeft UIInterfaceOrientationLandscapeRight";
				INFOPLIST_KEY_UISupportedInterfaceOrientations_iPhone = "UIInterfaceOrientationPortrait UIInterfaceOrientationLandscapeLeft UIInterfaceOrientationLandscapeRight";
				LD_RUNPATH_SEARCH_PATHS = (
					"$(inherited)",
					"@executable_path/Frameworks",
				);
				MARKETING_VERSION = 1.0;
				PRODUCT_BUNDLE_IDENTIFIER = "Essential-Developer.Airbnb";
				PRODUCT_NAME = "$(TARGET_NAME)";
				SWIFT_EMIT_LOC_STRINGS = YES;
				SWIFT_VERSION = 5.0;
				TARGETED_DEVICE_FAMILY = "1,2";
			};
			name = Debug;
		};
		82DC73F92B5C3544007A5082 /* Release */ = {
			isa = XCBuildConfiguration;
			buildSettings = {
				ASSETCATALOG_COMPILER_APPICON_NAME = AppIcon;
				ASSETCATALOG_COMPILER_GLOBAL_ACCENT_COLOR_NAME = AccentColor;
				CODE_SIGN_STYLE = Automatic;
				CURRENT_PROJECT_VERSION = 1;
				DEVELOPMENT_ASSET_PATHS = "\"Airbnb/Preview Content\"";
				DEVELOPMENT_TEAM = 3D9VAD2697;
				ENABLE_PREVIEWS = YES;
				GENERATE_INFOPLIST_FILE = YES;
				INFOPLIST_KEY_UIApplicationSceneManifest_Generation = YES;
				INFOPLIST_KEY_UIApplicationSupportsIndirectInputEvents = YES;
				INFOPLIST_KEY_UILaunchScreen_Generation = YES;
				INFOPLIST_KEY_UISupportedInterfaceOrientations_iPad = "UIInterfaceOrientationPortrait UIInterfaceOrientationPortraitUpsideDown UIInterfaceOrientationLandscapeLeft UIInterfaceOrientationLandscapeRight";
				INFOPLIST_KEY_UISupportedInterfaceOrientations_iPhone = "UIInterfaceOrientationPortrait UIInterfaceOrientationLandscapeLeft UIInterfaceOrientationLandscapeRight";
				LD_RUNPATH_SEARCH_PATHS = (
					"$(inherited)",
					"@executable_path/Frameworks",
				);
				MARKETING_VERSION = 1.0;
				PRODUCT_BUNDLE_IDENTIFIER = "Essential-Developer.Airbnb";
				PRODUCT_NAME = "$(TARGET_NAME)";
				SWIFT_EMIT_LOC_STRINGS = YES;
				SWIFT_VERSION = 5.0;
				TARGETED_DEVICE_FAMILY = "1,2";
			};
			name = Release;
		};
		82DC73FB2B5C3544007A5082 /* Debug */ = {
			isa = XCBuildConfiguration;
			buildSettings = {
				ALWAYS_EMBED_SWIFT_STANDARD_LIBRARIES = YES;
				BUNDLE_LOADER = "$(TEST_HOST)";
				CODE_SIGN_STYLE = Automatic;
				CURRENT_PROJECT_VERSION = 1;
				DEVELOPMENT_TEAM = 3D9VAD2697;
				GENERATE_INFOPLIST_FILE = YES;
				IPHONEOS_DEPLOYMENT_TARGET = 16.4;
				MARKETING_VERSION = 1.0;
				PRODUCT_BUNDLE_IDENTIFIER = "Essential-Developer.AirbnbTests";
				PRODUCT_NAME = "$(TARGET_NAME)";
				SWIFT_EMIT_LOC_STRINGS = NO;
				SWIFT_VERSION = 5.0;
				TARGETED_DEVICE_FAMILY = "1,2";
				TEST_HOST = "$(BUILT_PRODUCTS_DIR)/Airbnb.app/$(BUNDLE_EXECUTABLE_FOLDER_PATH)/Airbnb";
			};
			name = Debug;
		};
		82DC73FC2B5C3544007A5082 /* Release */ = {
			isa = XCBuildConfiguration;
			buildSettings = {
				ALWAYS_EMBED_SWIFT_STANDARD_LIBRARIES = YES;
				BUNDLE_LOADER = "$(TEST_HOST)";
				CODE_SIGN_STYLE = Automatic;
				CURRENT_PROJECT_VERSION = 1;
				DEVELOPMENT_TEAM = 3D9VAD2697;
				GENERATE_INFOPLIST_FILE = YES;
				IPHONEOS_DEPLOYMENT_TARGET = 16.4;
				MARKETING_VERSION = 1.0;
				PRODUCT_BUNDLE_IDENTIFIER = "Essential-Developer.AirbnbTests";
				PRODUCT_NAME = "$(TARGET_NAME)";
				SWIFT_EMIT_LOC_STRINGS = NO;
				SWIFT_VERSION = 5.0;
				TARGETED_DEVICE_FAMILY = "1,2";
				TEST_HOST = "$(BUILT_PRODUCTS_DIR)/Airbnb.app/$(BUNDLE_EXECUTABLE_FOLDER_PATH)/Airbnb";
			};
			name = Release;
		};
		82DC73FE2B5C3544007A5082 /* Debug */ = {
			isa = XCBuildConfiguration;
			buildSettings = {
				ALWAYS_EMBED_SWIFT_STANDARD_LIBRARIES = YES;
				CODE_SIGN_STYLE = Automatic;
				CURRENT_PROJECT_VERSION = 1;
				DEVELOPMENT_TEAM = 3D9VAD2697;
				GENERATE_INFOPLIST_FILE = YES;
				MARKETING_VERSION = 1.0;
				PRODUCT_BUNDLE_IDENTIFIER = "Essential-Developer.AirbnbUITests";
				PRODUCT_NAME = "$(TARGET_NAME)";
				SWIFT_EMIT_LOC_STRINGS = NO;
				SWIFT_VERSION = 5.0;
				TARGETED_DEVICE_FAMILY = "1,2";
				TEST_TARGET_NAME = Airbnb;
			};
			name = Debug;
		};
		82DC73FF2B5C3544007A5082 /* Release */ = {
			isa = XCBuildConfiguration;
			buildSettings = {
				ALWAYS_EMBED_SWIFT_STANDARD_LIBRARIES = YES;
				CODE_SIGN_STYLE = Automatic;
				CURRENT_PROJECT_VERSION = 1;
				DEVELOPMENT_TEAM = 3D9VAD2697;
				GENERATE_INFOPLIST_FILE = YES;
				MARKETING_VERSION = 1.0;
				PRODUCT_BUNDLE_IDENTIFIER = "Essential-Developer.AirbnbUITests";
				PRODUCT_NAME = "$(TARGET_NAME)";
				SWIFT_EMIT_LOC_STRINGS = NO;
				SWIFT_VERSION = 5.0;
				TARGETED_DEVICE_FAMILY = "1,2";
				TEST_TARGET_NAME = Airbnb;
			};
			name = Release;
		};
/* End XCBuildConfiguration section */

/* Begin XCConfigurationList section */
		82DC73CE2B5C3541007A5082 /* Build configuration list for PBXProject "Airbnb" */ = {
			isa = XCConfigurationList;
			buildConfigurations = (
				82DC73F52B5C3544007A5082 /* Debug */,
				82DC73F62B5C3544007A5082 /* Release */,
			);
			defaultConfigurationIsVisible = 0;
			defaultConfigurationName = Release;
		};
		82DC73F72B5C3544007A5082 /* Build configuration list for PBXNativeTarget "Airbnb" */ = {
			isa = XCConfigurationList;
			buildConfigurations = (
				82DC73F82B5C3544007A5082 /* Debug */,
				82DC73F92B5C3544007A5082 /* Release */,
			);
			defaultConfigurationIsVisible = 0;
			defaultConfigurationName = Release;
		};
		82DC73FA2B5C3544007A5082 /* Build configuration list for PBXNativeTarget "AirbnbTests" */ = {
			isa = XCConfigurationList;
			buildConfigurations = (
				82DC73FB2B5C3544007A5082 /* Debug */,
				82DC73FC2B5C3544007A5082 /* Release */,
			);
			defaultConfigurationIsVisible = 0;
			defaultConfigurationName = Release;
		};
		82DC73FD2B5C3544007A5082 /* Build configuration list for PBXNativeTarget "AirbnbUITests" */ = {
			isa = XCConfigurationList;
			buildConfigurations = (
				82DC73FE2B5C3544007A5082 /* Debug */,
				82DC73FF2B5C3544007A5082 /* Release */,
			);
			defaultConfigurationIsVisible = 0;
			defaultConfigurationName = Release;
		};
/* End XCConfigurationList section */
	};
	rootObject = 82DC73CB2B5C3541007A5082 /* Project object */;
}
